// !$*UTF8*$!
{
	archiveVersion = 1;
	classes = {
	};
	objectVersion = 46;
	objects = {

/* Begin PBXBuildFile section */
		5907B3051EACF38300204932 /* MyTeamTableViewController.swift in Sources */ = {isa = PBXBuildFile; fileRef = 5907B3041EACF38300204932 /* MyTeamTableViewController.swift */; };
		5907B3071EAD08C400204932 /* MyTeamTableCell.swift in Sources */ = {isa = PBXBuildFile; fileRef = 5907B3061EAD08C400204932 /* MyTeamTableCell.swift */; };
		5907B3091EADA51700204932 /* TeamList.swift in Sources */ = {isa = PBXBuildFile; fileRef = 5907B3081EADA51700204932 /* TeamList.swift */; };
		5907B30B1EAE441F00204932 /* SurveyListTableViewController.swift in Sources */ = {isa = PBXBuildFile; fileRef = 5907B30A1EAE441F00204932 /* SurveyListTableViewController.swift */; };
		5907B30D1EAE444900204932 /* SurveyListTableCell.swift in Sources */ = {isa = PBXBuildFile; fileRef = 5907B30C1EAE444900204932 /* SurveyListTableCell.swift */; };
		5997BA031EAC14B600EB9B83 /* AppDelegate.swift in Sources */ = {isa = PBXBuildFile; fileRef = 5997BA021EAC14B600EB9B83 /* AppDelegate.swift */; };
		5997BA051EAC14B600EB9B83 /* ViewController.swift in Sources */ = {isa = PBXBuildFile; fileRef = 5997BA041EAC14B600EB9B83 /* ViewController.swift */; };
		5997BA081EAC14B600EB9B83 /* Main.storyboard in Resources */ = {isa = PBXBuildFile; fileRef = 5997BA061EAC14B600EB9B83 /* Main.storyboard */; };
		5997BA0A1EAC14B600EB9B83 /* Assets.xcassets in Resources */ = {isa = PBXBuildFile; fileRef = 5997BA091EAC14B600EB9B83 /* Assets.xcassets */; };
		5997BA0D1EAC14B600EB9B83 /* LaunchScreen.storyboard in Resources */ = {isa = PBXBuildFile; fileRef = 5997BA0B1EAC14B600EB9B83 /* LaunchScreen.storyboard */; };
		5997BA171EAC184E00EB9B83 /* NewTeamViewController.swift in Sources */ = {isa = PBXBuildFile; fileRef = 5997BA161EAC184E00EB9B83 /* NewTeamViewController.swift */; };
		5997BA191EAC18FF00EB9B83 /* TeamID.swift in Sources */ = {isa = PBXBuildFile; fileRef = 5997BA181EAC18FF00EB9B83 /* TeamID.swift */; };
		5997BA1B1EAC221900EB9B83 /* GoogleService-Info.plist in Resources */ = {isa = PBXBuildFile; fileRef = 5997BA1A1EAC221900EB9B83 /* GoogleService-Info.plist */; };
		5997BA1D1EAC275C00EB9B83 /* LoginViewController.swift in Sources */ = {isa = PBXBuildFile; fileRef = 5997BA1C1EAC275C00EB9B83 /* LoginViewController.swift */; };
		5997BA1F1EAC27F800EB9B83 /* Member.swift in Sources */ = {isa = PBXBuildFile; fileRef = 5997BA1E1EAC27F800EB9B83 /* Member.swift */; };
		59A0BEFB1EAE6159008837A1 /* AddSurveyViewController.swift in Sources */ = {isa = PBXBuildFile; fileRef = 59A0BEFA1EAE6159008837A1 /* AddSurveyViewController.swift */; };
		59A0BEFD1EAE6271008837A1 /* Survey.swift in Sources */ = {isa = PBXBuildFile; fileRef = 59A0BEFC1EAE6271008837A1 /* Survey.swift */; };
		59A0BEFF1EAE9172008837A1 /* NewSurveyViewController.swift in Sources */ = {isa = PBXBuildFile; fileRef = 59A0BEFE1EAE9172008837A1 /* NewSurveyViewController.swift */; };
		59A0BF011EAEB4CA008837A1 /* SurveyList.swift in Sources */ = {isa = PBXBuildFile; fileRef = 59A0BF001EAEB4CA008837A1 /* SurveyList.swift */; };
		59A0BF031EAEF239008837A1 /* PeopleTabBarViewController.swift in Sources */ = {isa = PBXBuildFile; fileRef = 59A0BF021EAEF239008837A1 /* PeopleTabBarViewController.swift */; };
		59A0BF051EAEF24F008837A1 /* GraphTabBarViewController.swift in Sources */ = {isa = PBXBuildFile; fileRef = 59A0BF041EAEF24F008837A1 /* GraphTabBarViewController.swift */; };
		59A0BF091EAF04C8008837A1 /* PlayerLoginViewController.swift in Sources */ = {isa = PBXBuildFile; fileRef = 59A0BF081EAF04C8008837A1 /* PlayerLoginViewController.swift */; };
		59A0BF0B1EAF2C47008837A1 /* Player.swift in Sources */ = {isa = PBXBuildFile; fileRef = 59A0BF0A1EAF2C47008837A1 /* Player.swift */; };
		59A0BF0D1EAF3273008837A1 /* PlayerSurveyListViewController.swift in Sources */ = {isa = PBXBuildFile; fileRef = 59A0BF0C1EAF3273008837A1 /* PlayerSurveyListViewController.swift */; };
		59A0BF0F1EAF36F3008837A1 /* PlayerSurveyListTableViewCell.swift in Sources */ = {isa = PBXBuildFile; fileRef = 59A0BF0E1EAF36F3008837A1 /* PlayerSurveyListTableViewCell.swift */; };
		A9F02255BC958201B94ABF8A /* Pods_TeamPulseApp.framework in Frameworks */ = {isa = PBXBuildFile; fileRef = BA541178BB2A06F75BC3F496 /* Pods_TeamPulseApp.framework */; };
/* End PBXBuildFile section */

/* Begin PBXCopyFilesBuildPhase section */
		59A0BEED1EAE59B3008837A1 /* Embed Frameworks */ = {
			isa = PBXCopyFilesBuildPhase;
			buildActionMask = 2147483647;
			dstPath = "";
			dstSubfolderSpec = 10;
			files = (
			);
			name = "Embed Frameworks";
			runOnlyForDeploymentPostprocessing = 0;
		};
/* End PBXCopyFilesBuildPhase section */

/* Begin PBXFileReference section */
		5907B3041EACF38300204932 /* MyTeamTableViewController.swift */ = {isa = PBXFileReference; fileEncoding = 4; lastKnownFileType = sourcecode.swift; path = MyTeamTableViewController.swift; sourceTree = "<group>"; };
		5907B3061EAD08C400204932 /* MyTeamTableCell.swift */ = {isa = PBXFileReference; fileEncoding = 4; lastKnownFileType = sourcecode.swift; path = MyTeamTableCell.swift; sourceTree = "<group>"; };
		5907B3081EADA51700204932 /* TeamList.swift */ = {isa = PBXFileReference; fileEncoding = 4; lastKnownFileType = sourcecode.swift; path = TeamList.swift; sourceTree = "<group>"; };
		5907B30A1EAE441F00204932 /* SurveyListTableViewController.swift */ = {isa = PBXFileReference; fileEncoding = 4; lastKnownFileType = sourcecode.swift; path = SurveyListTableViewController.swift; sourceTree = "<group>"; };
		5907B30C1EAE444900204932 /* SurveyListTableCell.swift */ = {isa = PBXFileReference; fileEncoding = 4; lastKnownFileType = sourcecode.swift; path = SurveyListTableCell.swift; sourceTree = "<group>"; };
		5997B9FF1EAC14B600EB9B83 /* TeamPulseApp.app */ = {isa = PBXFileReference; explicitFileType = wrapper.application; includeInIndex = 0; path = TeamPulseApp.app; sourceTree = BUILT_PRODUCTS_DIR; };
		5997BA021EAC14B600EB9B83 /* AppDelegate.swift */ = {isa = PBXFileReference; lastKnownFileType = sourcecode.swift; path = AppDelegate.swift; sourceTree = "<group>"; };
		5997BA041EAC14B600EB9B83 /* ViewController.swift */ = {isa = PBXFileReference; lastKnownFileType = sourcecode.swift; path = ViewController.swift; sourceTree = "<group>"; };
		5997BA071EAC14B600EB9B83 /* Base */ = {isa = PBXFileReference; lastKnownFileType = file.storyboard; name = Base; path = Base.lproj/Main.storyboard; sourceTree = "<group>"; };
		5997BA091EAC14B600EB9B83 /* Assets.xcassets */ = {isa = PBXFileReference; lastKnownFileType = folder.assetcatalog; path = Assets.xcassets; sourceTree = "<group>"; };
		5997BA0C1EAC14B600EB9B83 /* Base */ = {isa = PBXFileReference; lastKnownFileType = file.storyboard; name = Base; path = Base.lproj/LaunchScreen.storyboard; sourceTree = "<group>"; };
		5997BA0E1EAC14B600EB9B83 /* Info.plist */ = {isa = PBXFileReference; lastKnownFileType = text.plist.xml; path = Info.plist; sourceTree = "<group>"; };
		5997BA161EAC184E00EB9B83 /* NewTeamViewController.swift */ = {isa = PBXFileReference; fileEncoding = 4; lastKnownFileType = sourcecode.swift; path = NewTeamViewController.swift; sourceTree = "<group>"; };
		5997BA181EAC18FF00EB9B83 /* TeamID.swift */ = {isa = PBXFileReference; fileEncoding = 4; lastKnownFileType = sourcecode.swift; path = TeamID.swift; sourceTree = "<group>"; };
		5997BA1A1EAC221900EB9B83 /* GoogleService-Info.plist */ = {isa = PBXFileReference; fileEncoding = 4; lastKnownFileType = text.plist.xml; name = "GoogleService-Info.plist"; path = "../../../Downloads/GoogleService-Info.plist"; sourceTree = "<group>"; };
		5997BA1C1EAC275C00EB9B83 /* LoginViewController.swift */ = {isa = PBXFileReference; fileEncoding = 4; lastKnownFileType = sourcecode.swift; path = LoginViewController.swift; sourceTree = "<group>"; };
		5997BA1E1EAC27F800EB9B83 /* Member.swift */ = {isa = PBXFileReference; fileEncoding = 4; lastKnownFileType = sourcecode.swift; path = Member.swift; sourceTree = "<group>"; };
		59A0BEFA1EAE6159008837A1 /* AddSurveyViewController.swift */ = {isa = PBXFileReference; fileEncoding = 4; lastKnownFileType = sourcecode.swift; name = AddSurveyViewController.swift; path = ../AddSurveyViewController.swift; sourceTree = "<group>"; };
		59A0BEFC1EAE6271008837A1 /* Survey.swift */ = {isa = PBXFileReference; fileEncoding = 4; lastKnownFileType = sourcecode.swift; path = Survey.swift; sourceTree = "<group>"; };
		59A0BEFE1EAE9172008837A1 /* NewSurveyViewController.swift */ = {isa = PBXFileReference; fileEncoding = 4; lastKnownFileType = sourcecode.swift; path = NewSurveyViewController.swift; sourceTree = "<group>"; };
		59A0BF001EAEB4CA008837A1 /* SurveyList.swift */ = {isa = PBXFileReference; fileEncoding = 4; lastKnownFileType = sourcecode.swift; path = SurveyList.swift; sourceTree = "<group>"; };
		59A0BF021EAEF239008837A1 /* PeopleTabBarViewController.swift */ = {isa = PBXFileReference; fileEncoding = 4; lastKnownFileType = sourcecode.swift; path = PeopleTabBarViewController.swift; sourceTree = "<group>"; };
		59A0BF041EAEF24F008837A1 /* GraphTabBarViewController.swift */ = {isa = PBXFileReference; fileEncoding = 4; lastKnownFileType = sourcecode.swift; path = GraphTabBarViewController.swift; sourceTree = "<group>"; };
		59A0BF081EAF04C8008837A1 /* PlayerLoginViewController.swift */ = {isa = PBXFileReference; fileEncoding = 4; lastKnownFileType = sourcecode.swift; name = PlayerLoginViewController.swift; path = ../PlayerLoginViewController.swift; sourceTree = "<group>"; };
		59A0BF0A1EAF2C47008837A1 /* Player.swift */ = {isa = PBXFileReference; fileEncoding = 4; lastKnownFileType = sourcecode.swift; path = Player.swift; sourceTree = "<group>"; };
		59A0BF0C1EAF3273008837A1 /* PlayerSurveyListViewController.swift */ = {isa = PBXFileReference; fileEncoding = 4; lastKnownFileType = sourcecode.swift; path = PlayerSurveyListViewController.swift; sourceTree = "<group>"; };
		59A0BF0E1EAF36F3008837A1 /* PlayerSurveyListTableViewCell.swift */ = {isa = PBXFileReference; fileEncoding = 4; lastKnownFileType = sourcecode.swift; path = PlayerSurveyListTableViewCell.swift; sourceTree = "<group>"; };
		6F60852242076ABF8C32587B /* Pods-TeamPulseApp.release.xcconfig */ = {isa = PBXFileReference; includeInIndex = 1; lastKnownFileType = text.xcconfig; name = "Pods-TeamPulseApp.release.xcconfig"; path = "Pods/Target Support Files/Pods-TeamPulseApp/Pods-TeamPulseApp.release.xcconfig"; sourceTree = "<group>"; };
		89441C961D553DC7EF1194D9 /* Pods-TeamPulseApp.debug.xcconfig */ = {isa = PBXFileReference; includeInIndex = 1; lastKnownFileType = text.xcconfig; name = "Pods-TeamPulseApp.debug.xcconfig"; path = "Pods/Target Support Files/Pods-TeamPulseApp/Pods-TeamPulseApp.debug.xcconfig"; sourceTree = "<group>"; };
		BA541178BB2A06F75BC3F496 /* Pods_TeamPulseApp.framework */ = {isa = PBXFileReference; explicitFileType = wrapper.framework; includeInIndex = 0; path = Pods_TeamPulseApp.framework; sourceTree = BUILT_PRODUCTS_DIR; };
/* End PBXFileReference section */

/* Begin PBXFrameworksBuildPhase section */
		5997B9FC1EAC14B600EB9B83 /* Frameworks */ = {
			isa = PBXFrameworksBuildPhase;
			buildActionMask = 2147483647;
			files = (
				A9F02255BC958201B94ABF8A /* Pods_TeamPulseApp.framework in Frameworks */,
			);
			runOnlyForDeploymentPostprocessing = 0;
		};
/* End PBXFrameworksBuildPhase section */

/* Begin PBXGroup section */
		2E35C5BF716BDA83F69A5D3F /* Frameworks */ = {
			isa = PBXGroup;
			children = (
				BA541178BB2A06F75BC3F496 /* Pods_TeamPulseApp.framework */,
			);
			name = Frameworks;
			sourceTree = "<group>";
		};
		5997B9F61EAC14B600EB9B83 = {
			isa = PBXGroup;
			children = (
				5997BA011EAC14B600EB9B83 /* TeamPulseApp */,
				5997BA001EAC14B600EB9B83 /* Products */,
				7A6BDE1B25883CAD7E96B75F /* Pods */,
				2E35C5BF716BDA83F69A5D3F /* Frameworks */,
			);
			sourceTree = "<group>";
		};
		5997BA001EAC14B600EB9B83 /* Products */ = {
			isa = PBXGroup;
			children = (
				5997B9FF1EAC14B600EB9B83 /* TeamPulseApp.app */,
			);
			name = Products;
			sourceTree = "<group>";
		};
		5997BA011EAC14B600EB9B83 /* TeamPulseApp */ = {
			isa = PBXGroup;
			children = (
				59A0BEFE1EAE9172008837A1 /* NewSurveyViewController.swift */,
				5997BA021EAC14B600EB9B83 /* AppDelegate.swift */,
				5997BA041EAC14B600EB9B83 /* ViewController.swift */,
				59A0BEFA1EAE6159008837A1 /* AddSurveyViewController.swift */,
				5997BA161EAC184E00EB9B83 /* NewTeamViewController.swift */,
				5907B3081EADA51700204932 /* TeamList.swift */,
				5997BA181EAC18FF00EB9B83 /* TeamID.swift */,
				59A0BEFC1EAE6271008837A1 /* Survey.swift */,
				59A0BF001EAEB4CA008837A1 /* SurveyList.swift */,
				5997BA1C1EAC275C00EB9B83 /* LoginViewController.swift */,
				59A0BF081EAF04C8008837A1 /* PlayerLoginViewController.swift */,
				5907B3041EACF38300204932 /* MyTeamTableViewController.swift */,
				5907B3061EAD08C400204932 /* MyTeamTableCell.swift */,
				5997BA1E1EAC27F800EB9B83 /* Member.swift */,
				5997BA061EAC14B600EB9B83 /* Main.storyboard */,
				59A0BF0C1EAF3273008837A1 /* PlayerSurveyListViewController.swift */,
				59A0BF0E1EAF36F3008837A1 /* PlayerSurveyListTableViewCell.swift */,
				59A0BF0A1EAF2C47008837A1 /* Player.swift */,
				59A0BF021EAEF239008837A1 /* PeopleTabBarViewController.swift */,
				59A0BF041EAEF24F008837A1 /* GraphTabBarViewController.swift */,
				5907B30A1EAE441F00204932 /* SurveyListTableViewController.swift */,
				5907B30C1EAE444900204932 /* SurveyListTableCell.swift */,
				5997BA091EAC14B600EB9B83 /* Assets.xcassets */,
				5997BA1A1EAC221900EB9B83 /* GoogleService-Info.plist */,
				5997BA0B1EAC14B600EB9B83 /* LaunchScreen.storyboard */,
				5997BA0E1EAC14B600EB9B83 /* Info.plist */,
			);
			path = TeamPulseApp;
			sourceTree = "<group>";
		};
		7A6BDE1B25883CAD7E96B75F /* Pods */ = {
			isa = PBXGroup;
			children = (
				89441C961D553DC7EF1194D9 /* Pods-TeamPulseApp.debug.xcconfig */,
				6F60852242076ABF8C32587B /* Pods-TeamPulseApp.release.xcconfig */,
			);
			name = Pods;
			sourceTree = "<group>";
		};
/* End PBXGroup section */

/* Begin PBXNativeTarget section */
		5997B9FE1EAC14B600EB9B83 /* TeamPulseApp */ = {
			isa = PBXNativeTarget;
			buildConfigurationList = 5997BA111EAC14B600EB9B83 /* Build configuration list for PBXNativeTarget "TeamPulseApp" */;
			buildPhases = (
				6E418278BF7660F8ACEEC052 /* [CP] Check Pods Manifest.lock */,
				5997B9FB1EAC14B600EB9B83 /* Sources */,
				5997B9FC1EAC14B600EB9B83 /* Frameworks */,
				5997B9FD1EAC14B600EB9B83 /* Resources */,
				7DC550F022B6202D7A8F7D64 /* [CP] Embed Pods Frameworks */,
				48BAC99BFFFE77A24C0F3189 /* [CP] Copy Pods Resources */,
				59A0BEED1EAE59B3008837A1 /* Embed Frameworks */,
			);
			buildRules = (
			);
			dependencies = (
			);
			name = TeamPulseApp;
			productName = TeamPulseApp;
			productReference = 5997B9FF1EAC14B600EB9B83 /* TeamPulseApp.app */;
			productType = "com.apple.product-type.application";
		};
/* End PBXNativeTarget section */

/* Begin PBXProject section */
		5997B9F71EAC14B600EB9B83 /* Project object */ = {
			isa = PBXProject;
			attributes = {
				LastSwiftUpdateCheck = 0830;
				LastUpgradeCheck = 0830;
				ORGANIZATIONNAME = "Rusheel Shah";
				TargetAttributes = {
					5997B9FE1EAC14B600EB9B83 = {
						CreatedOnToolsVersion = 8.3.2;
						DevelopmentTeam = YVMN53DHRA;
						ProvisioningStyle = Automatic;
					};
				};
			};
			buildConfigurationList = 5997B9FA1EAC14B600EB9B83 /* Build configuration list for PBXProject "TeamPulseApp" */;
			compatibilityVersion = "Xcode 3.2";
			developmentRegion = English;
			hasScannedForEncodings = 0;
			knownRegions = (
				en,
				Base,
			);
			mainGroup = 5997B9F61EAC14B600EB9B83;
			productRefGroup = 5997BA001EAC14B600EB9B83 /* Products */;
			projectDirPath = "";
			projectRoot = "";
			targets = (
				5997B9FE1EAC14B600EB9B83 /* TeamPulseApp */,
			);
		};
/* End PBXProject section */

/* Begin PBXResourcesBuildPhase section */
		5997B9FD1EAC14B600EB9B83 /* Resources */ = {
			isa = PBXResourcesBuildPhase;
			buildActionMask = 2147483647;
			files = (
				5997BA0D1EAC14B600EB9B83 /* LaunchScreen.storyboard in Resources */,
				5997BA1B1EAC221900EB9B83 /* GoogleService-Info.plist in Resources */,
				5997BA0A1EAC14B600EB9B83 /* Assets.xcassets in Resources */,
				5997BA081EAC14B600EB9B83 /* Main.storyboard in Resources */,
			);
			runOnlyForDeploymentPostprocessing = 0;
		};
/* End PBXResourcesBuildPhase section */

/* Begin PBXShellScriptBuildPhase section */
		48BAC99BFFFE77A24C0F3189 /* [CP] Copy Pods Resources */ = {
			isa = PBXShellScriptBuildPhase;
			buildActionMask = 2147483647;
			files = (
			);
			inputPaths = (
			);
			name = "[CP] Copy Pods Resources";
			outputPaths = (
			);
			runOnlyForDeploymentPostprocessing = 0;
			shellPath = /bin/sh;
			shellScript = "\"${SRCROOT}/Pods/Target Support Files/Pods-TeamPulseApp/Pods-TeamPulseApp-resources.sh\"\n";
			showEnvVarsInLog = 0;
		};
		6E418278BF7660F8ACEEC052 /* [CP] Check Pods Manifest.lock */ = {
			isa = PBXShellScriptBuildPhase;
			buildActionMask = 2147483647;
			files = (
			);
			inputPaths = (
			);
			name = "[CP] Check Pods Manifest.lock";
			outputPaths = (
			);
			runOnlyForDeploymentPostprocessing = 0;
			shellPath = /bin/sh;
			shellScript = "diff \"${PODS_ROOT}/../Podfile.lock\" \"${PODS_ROOT}/Manifest.lock\" > /dev/null\nif [ $? != 0 ] ; then\n    # print error to STDERR\n    echo \"error: The sandbox is not in sync with the Podfile.lock. Run 'pod install' or update your CocoaPods installation.\" >&2\n    exit 1\nfi\n";
			showEnvVarsInLog = 0;
		};
		7DC550F022B6202D7A8F7D64 /* [CP] Embed Pods Frameworks */ = {
			isa = PBXShellScriptBuildPhase;
			buildActionMask = 2147483647;
			files = (
			);
			inputPaths = (
			);
			name = "[CP] Embed Pods Frameworks";
			outputPaths = (
			);
			runOnlyForDeploymentPostprocessing = 0;
			shellPath = /bin/sh;
			shellScript = "\"${SRCROOT}/Pods/Target Support Files/Pods-TeamPulseApp/Pods-TeamPulseApp-frameworks.sh\"\n";
			showEnvVarsInLog = 0;
		};
/* End PBXShellScriptBuildPhase section */

/* Begin PBXSourcesBuildPhase section */
		5997B9FB1EAC14B600EB9B83 /* Sources */ = {
			isa = PBXSourcesBuildPhase;
			buildActionMask = 2147483647;
			files = (
				59A0BF051EAEF24F008837A1 /* GraphTabBarViewController.swift in Sources */,
				5997BA051EAC14B600EB9B83 /* ViewController.swift in Sources */,
				59A0BEFF1EAE9172008837A1 /* NewSurveyViewController.swift in Sources */,
				5997BA1F1EAC27F800EB9B83 /* Member.swift in Sources */,
				5907B30D1EAE444900204932 /* SurveyListTableCell.swift in Sources */,
				5907B3091EADA51700204932 /* TeamList.swift in Sources */,
				59A0BEFB1EAE6159008837A1 /* AddSurveyViewController.swift in Sources */,
				59A0BF031EAEF239008837A1 /* PeopleTabBarViewController.swift in Sources */,
				5997BA171EAC184E00EB9B83 /* NewTeamViewController.swift in Sources */,
				59A0BF0D1EAF3273008837A1 /* PlayerSurveyListViewController.swift in Sources */,
				59A0BF011EAEB4CA008837A1 /* SurveyList.swift in Sources */,
				5997BA031EAC14B600EB9B83 /* AppDelegate.swift in Sources */,
				5997BA1D1EAC275C00EB9B83 /* LoginViewController.swift in Sources */,
				59A0BEFD1EAE6271008837A1 /* Survey.swift in Sources */,
				5907B3071EAD08C400204932 /* MyTeamTableCell.swift in Sources */,
				5997BA191EAC18FF00EB9B83 /* TeamID.swift in Sources */,
				5907B3051EACF38300204932 /* MyTeamTableViewController.swift in Sources */,
				59A0BF0B1EAF2C47008837A1 /* Player.swift in Sources */,
				59A0BF0F1EAF36F3008837A1 /* PlayerSurveyListTableViewCell.swift in Sources */,
				5907B30B1EAE441F00204932 /* SurveyListTableViewController.swift in Sources */,
				59A0BF091EAF04C8008837A1 /* PlayerLoginViewController.swift in Sources */,
			);
			runOnlyForDeploymentPostprocessing = 0;
		};
/* End PBXSourcesBuildPhase section */

/* Begin PBXVariantGroup section */
		5997BA061EAC14B600EB9B83 /* Main.storyboard */ = {
			isa = PBXVariantGroup;
			children = (
				5997BA071EAC14B600EB9B83 /* Base */,
			);
			name = Main.storyboard;
			sourceTree = "<group>";
		};
		5997BA0B1EAC14B600EB9B83 /* LaunchScreen.storyboard */ = {
			isa = PBXVariantGroup;
			children = (
				5997BA0C1EAC14B600EB9B83 /* Base */,
			);
			name = LaunchScreen.storyboard;
			sourceTree = "<group>";
		};
/* End PBXVariantGroup section */

/* Begin XCBuildConfiguration section */
		5997BA0F1EAC14B600EB9B83 /* Debug */ = {
			isa = XCBuildConfiguration;
			buildSettings = {
				ALWAYS_SEARCH_USER_PATHS = NO;
				CLANG_ANALYZER_NONNULL = YES;
				CLANG_ANALYZER_NUMBER_OBJECT_CONVERSION = YES_AGGRESSIVE;
				CLANG_CXX_LANGUAGE_STANDARD = "gnu++0x";
				CLANG_CXX_LIBRARY = "libc++";
				CLANG_ENABLE_MODULES = YES;
				CLANG_ENABLE_OBJC_ARC = YES;
				CLANG_WARN_BOOL_CONVERSION = YES;
				CLANG_WARN_CONSTANT_CONVERSION = YES;
				CLANG_WARN_DIRECT_OBJC_ISA_USAGE = YES_ERROR;
				CLANG_WARN_DOCUMENTATION_COMMENTS = YES;
				CLANG_WARN_EMPTY_BODY = YES;
				CLANG_WARN_ENUM_CONVERSION = YES;
				CLANG_WARN_INFINITE_RECURSION = YES;
				CLANG_WARN_INT_CONVERSION = YES;
				CLANG_WARN_OBJC_ROOT_CLASS = YES_ERROR;
				CLANG_WARN_SUSPICIOUS_MOVE = YES;
				CLANG_WARN_UNREACHABLE_CODE = YES;
				CLANG_WARN__DUPLICATE_METHOD_MATCH = YES;
				"CODE_SIGN_IDENTITY[sdk=iphoneos*]" = "iPhone Developer";
				COPY_PHASE_STRIP = NO;
				DEBUG_INFORMATION_FORMAT = dwarf;
				ENABLE_STRICT_OBJC_MSGSEND = YES;
				ENABLE_TESTABILITY = YES;
				GCC_C_LANGUAGE_STANDARD = gnu99;
				GCC_DYNAMIC_NO_PIC = NO;
				GCC_NO_COMMON_BLOCKS = YES;
				GCC_OPTIMIZATION_LEVEL = 0;
				GCC_PREPROCESSOR_DEFINITIONS = (
					"DEBUG=1",
					"$(inherited)",
				);
				GCC_WARN_64_TO_32_BIT_CONVERSION = YES;
				GCC_WARN_ABOUT_RETURN_TYPE = YES_ERROR;
				GCC_WARN_UNDECLARED_SELECTOR = YES;
				GCC_WARN_UNINITIALIZED_AUTOS = YES_AGGRESSIVE;
				GCC_WARN_UNUSED_FUNCTION = YES;
				GCC_WARN_UNUSED_VARIABLE = YES;
				IPHONEOS_DEPLOYMENT_TARGET = 10.3;
				MTL_ENABLE_DEBUG_INFO = YES;
				ONLY_ACTIVE_ARCH = YES;
				SDKROOT = iphoneos;
				SWIFT_ACTIVE_COMPILATION_CONDITIONS = DEBUG;
				SWIFT_OPTIMIZATION_LEVEL = "-Onone";
			};
			name = Debug;
		};
		5997BA101EAC14B600EB9B83 /* Release */ = {
			isa = XCBuildConfiguration;
			buildSettings = {
				ALWAYS_SEARCH_USER_PATHS = NO;
				CLANG_ANALYZER_NONNULL = YES;
				CLANG_ANALYZER_NUMBER_OBJECT_CONVERSION = YES_AGGRESSIVE;
				CLANG_CXX_LANGUAGE_STANDARD = "gnu++0x";
				CLANG_CXX_LIBRARY = "libc++";
				CLANG_ENABLE_MODULES = YES;
				CLANG_ENABLE_OBJC_ARC = YES;
				CLANG_WARN_BOOL_CONVERSION = YES;
				CLANG_WARN_CONSTANT_CONVERSION = YES;
				CLANG_WARN_DIRECT_OBJC_ISA_USAGE = YES_ERROR;
				CLANG_WARN_DOCUMENTATION_COMMENTS = YES;
				CLANG_WARN_EMPTY_BODY = YES;
				CLANG_WARN_ENUM_CONVERSION = YES;
				CLANG_WARN_INFINITE_RECURSION = YES;
				CLANG_WARN_INT_CONVERSION = YES;
				CLANG_WARN_OBJC_ROOT_CLASS = YES_ERROR;
				CLANG_WARN_SUSPICIOUS_MOVE = YES;
				CLANG_WARN_UNREACHABLE_CODE = YES;
				CLANG_WARN__DUPLICATE_METHOD_MATCH = YES;
				"CODE_SIGN_IDENTITY[sdk=iphoneos*]" = "iPhone Developer";
				COPY_PHASE_STRIP = NO;
				DEBUG_INFORMATION_FORMAT = "dwarf-with-dsym";
				ENABLE_NS_ASSERTIONS = NO;
				ENABLE_STRICT_OBJC_MSGSEND = YES;
				GCC_C_LANGUAGE_STANDARD = gnu99;
				GCC_NO_COMMON_BLOCKS = YES;
				GCC_WARN_64_TO_32_BIT_CONVERSION = YES;
				GCC_WARN_ABOUT_RETURN_TYPE = YES_ERROR;
				GCC_WARN_UNDECLARED_SELECTOR = YES;
				GCC_WARN_UNINITIALIZED_AUTOS = YES_AGGRESSIVE;
				GCC_WARN_UNUSED_FUNCTION = YES;
				GCC_WARN_UNUSED_VARIABLE = YES;
				IPHONEOS_DEPLOYMENT_TARGET = 10.3;
				MTL_ENABLE_DEBUG_INFO = NO;
				SDKROOT = iphoneos;
				SWIFT_OPTIMIZATION_LEVEL = "-Owholemodule";
				VALIDATE_PRODUCT = YES;
			};
			name = Release;
		};
		5997BA121EAC14B600EB9B83 /* Debug */ = {
			isa = XCBuildConfiguration;
			baseConfigurationReference = 89441C961D553DC7EF1194D9 /* Pods-TeamPulseApp.debug.xcconfig */;
			buildSettings = {
				ALWAYS_EMBED_SWIFT_STANDARD_LIBRARIES = YES;
				ASSETCATALOG_COMPILER_APPICON_NAME = AppIcon;
				DEVELOPMENT_TEAM = YVMN53DHRA;
				INFOPLIST_FILE = TeamPulseApp/Info.plist;
				LD_RUNPATH_SEARCH_PATHS = "$(inherited) @executable_path/Frameworks";
				PRODUCT_BUNDLE_IDENTIFIER = com.rusheelshah.TeamPulseApp;
				PRODUCT_NAME = "$(TARGET_NAME)";
				SWIFT_VERSION = 3.0;
			};
			name = Debug;
		};
		5997BA131EAC14B600EB9B83 /* Release */ = {
			isa = XCBuildConfiguration;
			baseConfigurationReference = 6F60852242076ABF8C32587B /* Pods-TeamPulseApp.release.xcconfig */;
			buildSettings = {
				ALWAYS_EMBED_SWIFT_STANDARD_LIBRARIES = YES;
				ASSETCATALOG_COMPILER_APPICON_NAME = AppIcon;
				DEVELOPMENT_TEAM = YVMN53DHRA;
				INFOPLIST_FILE = TeamPulseApp/Info.plist;
				LD_RUNPATH_SEARCH_PATHS = "$(inherited) @executable_path/Frameworks";
				PRODUCT_BUNDLE_IDENTIFIER = com.rusheelshah.TeamPulseApp;
				PRODUCT_NAME = "$(TARGET_NAME)";
				SWIFT_VERSION = 3.0;
			};
			name = Release;
		};
/* End XCBuildConfiguration section */

/* Begin XCConfigurationList section */
		5997B9FA1EAC14B600EB9B83 /* Build configuration list for PBXProject "TeamPulseApp" */ = {
			isa = XCConfigurationList;
			buildConfigurations = (
				5997BA0F1EAC14B600EB9B83 /* Debug */,
				5997BA101EAC14B600EB9B83 /* Release */,
			);
			defaultConfigurationIsVisible = 0;
			defaultConfigurationName = Release;
		};
		5997BA111EAC14B600EB9B83 /* Build configuration list for PBXNativeTarget "TeamPulseApp" */ = {
			isa = XCConfigurationList;
			buildConfigurations = (
				5997BA121EAC14B600EB9B83 /* Debug */,
				5997BA131EAC14B600EB9B83 /* Release */,
			);
			defaultConfigurationIsVisible = 0;
			defaultConfigurationName = Release;
		};
/* End XCConfigurationList section */
	};
	rootObject = 5997B9F71EAC14B600EB9B83 /* Project object */;
}
